// !$*UTF8*$!
{
	archiveVersion = 1;
	classes = {
	};
	objectVersion = 77;
	objects = {

/* Begin PBXBuildFile section */
		E07FE8582D4F431100F8846F /* FirebaseAuth in Frameworks */ = {isa = PBXBuildFile; productRef = E07FE8572D4F431100F8846F /* FirebaseAuth */; };
		E07FE85A2D4F431100F8846F /* FirebaseCore in Frameworks */ = {isa = PBXBuildFile; productRef = E07FE8592D4F431100F8846F /* FirebaseCore */; };
		E07FE85C2D4F431100F8846F /* FirebaseFirestore in Frameworks */ = {isa = PBXBuildFile; productRef = E07FE85B2D4F431100F8846F /* FirebaseFirestore */; };
		E0963F8F2DB041BA00BB58F4 /* GoogleSignIn in Frameworks */ = {isa = PBXBuildFile; productRef = E0963F8E2DB041BA00BB58F4 /* GoogleSignIn */; };
		E0963F912DB041C100BB58F4 /* GoogleSignInSwift in Frameworks */ = {isa = PBXBuildFile; productRef = E0963F902DB041C100BB58F4 /* GoogleSignInSwift */; };
		E0963F952DB0625900BB58F4 /* FirebaseStorage in Frameworks */ = {isa = PBXBuildFile; productRef = E0963F942DB0625900BB58F4 /* FirebaseStorage */; };
/* End PBXBuildFile section */

/* Begin PBXContainerItemProxy section */
		E07FE8142D4F364B00F8846F /* PBXContainerItemProxy */ = {
			isa = PBXContainerItemProxy;
			containerPortal = E07FE7FA2D4F364A00F8846F /* Project object */;
			proxyType = 1;
			remoteGlobalIDString = E07FE8012D4F364A00F8846F;
			remoteInfo = signacer;
		};
		E07FE81E2D4F364B00F8846F /* PBXContainerItemProxy */ = {
			isa = PBXContainerItemProxy;
			containerPortal = E07FE7FA2D4F364A00F8846F /* Project object */;
			proxyType = 1;
			remoteGlobalIDString = E07FE8012D4F364A00F8846F;
			remoteInfo = signacer;
		};
/* End PBXContainerItemProxy section */

/* Begin PBXFileReference section */
		E037B1312D6134BB003FEAFD /* signacer.xctestplan */ = {isa = PBXFileReference; lastKnownFileType = text; path = signacer.xctestplan; sourceTree = "<group>"; };
		E07FE8022D4F364A00F8846F /* signacer.app */ = {isa = PBXFileReference; explicitFileType = wrapper.application; includeInIndex = 0; path = signacer.app; sourceTree = BUILT_PRODUCTS_DIR; };
		E07FE8132D4F364B00F8846F /* signacerTests.xctest */ = {isa = PBXFileReference; explicitFileType = wrapper.cfbundle; includeInIndex = 0; path = signacerTests.xctest; sourceTree = BUILT_PRODUCTS_DIR; };
		E07FE81D2D4F364B00F8846F /* signacerUITests.xctest */ = {isa = PBXFileReference; explicitFileType = wrapper.cfbundle; includeInIndex = 0; path = signacerUITests.xctest; sourceTree = BUILT_PRODUCTS_DIR; };
/* End PBXFileReference section */

/* Begin PBXFileSystemSynchronizedBuildFileExceptionSet section */
		E0963F0C2D6FFCFB00BB58F4 /* Exceptions for "signacer" folder in "signacer" target */ = {
			isa = PBXFileSystemSynchronizedBuildFileExceptionSet;
			membershipExceptions = (
				Info.plist,
			);
			target = E07FE8012D4F364A00F8846F /* signacer */;
		};
/* End PBXFileSystemSynchronizedBuildFileExceptionSet section */

/* Begin PBXFileSystemSynchronizedRootGroup section */
		E07FE8042D4F364A00F8846F /* signacer */ = {
			isa = PBXFileSystemSynchronizedRootGroup;
			exceptions = (
				E0963F0C2D6FFCFB00BB58F4 /* Exceptions for "signacer" folder in "signacer" target */,
			);
			path = signacer;
			sourceTree = "<group>";
		};
		E07FE8162D4F364B00F8846F /* signacerTests */ = {
			isa = PBXFileSystemSynchronizedRootGroup;
			path = signacerTests;
			sourceTree = "<group>";
		};
		E07FE8202D4F364B00F8846F /* signacerUITests */ = {
			isa = PBXFileSystemSynchronizedRootGroup;
			path = signacerUITests;
			sourceTree = "<group>";
		};
/* End PBXFileSystemSynchronizedRootGroup section */

/* Begin PBXFrameworksBuildPhase section */
		E07FE7FF2D4F364A00F8846F /* Frameworks */ = {
			isa = PBXFrameworksBuildPhase;
			buildActionMask = 2147483647;
			files = (
				E0963F912DB041C100BB58F4 /* GoogleSignInSwift in Frameworks */,
				E07FE85A2D4F431100F8846F /* FirebaseCore in Frameworks */,
				E0963F8F2DB041BA00BB58F4 /* GoogleSignIn in Frameworks */,
				E07FE8582D4F431100F8846F /* FirebaseAuth in Frameworks */,
				E07FE85C2D4F431100F8846F /* FirebaseFirestore in Frameworks */,
				E0963F952DB0625900BB58F4 /* FirebaseStorage in Frameworks */,
			);
			runOnlyForDeploymentPostprocessing = 0;
		};
		E07FE8102D4F364B00F8846F /* Frameworks */ = {
			isa = PBXFrameworksBuildPhase;
			buildActionMask = 2147483647;
			files = (
			);
			runOnlyForDeploymentPostprocessing = 0;
		};
		E07FE81A2D4F364B00F8846F /* Frameworks */ = {
			isa = PBXFrameworksBuildPhase;
			buildActionMask = 2147483647;
			files = (
			);
			runOnlyForDeploymentPostprocessing = 0;
		};
/* End PBXFrameworksBuildPhase section */

/* Begin PBXGroup section */
		E07FE7F92D4F364A00F8846F = {
			isa = PBXGroup;
			children = (
				E037B1312D6134BB003FEAFD /* signacer.xctestplan */,
				E07FE8042D4F364A00F8846F /* signacer */,
				E07FE8162D4F364B00F8846F /* signacerTests */,
				E07FE8202D4F364B00F8846F /* signacerUITests */,
				E0963F8D2DB041BA00BB58F4 /* Frameworks */,
				E07FE8032D4F364A00F8846F /* Products */,
			);
			sourceTree = "<group>";
		};
		E07FE8032D4F364A00F8846F /* Products */ = {
			isa = PBXGroup;
			children = (
				E07FE8022D4F364A00F8846F /* signacer.app */,
				E07FE8132D4F364B00F8846F /* signacerTests.xctest */,
				E07FE81D2D4F364B00F8846F /* signacerUITests.xctest */,
			);
			name = Products;
			sourceTree = "<group>";
		};
		E0963F8D2DB041BA00BB58F4 /* Frameworks */ = {
			isa = PBXGroup;
			children = (
			);
			name = Frameworks;
			sourceTree = "<group>";
		};
/* End PBXGroup section */

/* Begin PBXNativeTarget section */
		E07FE8012D4F364A00F8846F /* signacer */ = {
			isa = PBXNativeTarget;
			buildConfigurationList = E07FE8272D4F364B00F8846F /* Build configuration list for PBXNativeTarget "signacer" */;
			buildPhases = (
				E07FE7FE2D4F364A00F8846F /* Sources */,
				E07FE7FF2D4F364A00F8846F /* Frameworks */,
				E07FE8002D4F364A00F8846F /* Resources */,
			);
			buildRules = (
			);
			dependencies = (
			);
			fileSystemSynchronizedGroups = (
				E07FE8042D4F364A00F8846F /* signacer */,
			);
			name = signacer;
			packageProductDependencies = (
				E07FE8572D4F431100F8846F /* FirebaseAuth */,
				E07FE8592D4F431100F8846F /* FirebaseCore */,
				E07FE85B2D4F431100F8846F /* FirebaseFirestore */,
				E0963F8E2DB041BA00BB58F4 /* GoogleSignIn */,
				E0963F902DB041C100BB58F4 /* GoogleSignInSwift */,
				E0963F942DB0625900BB58F4 /* FirebaseStorage */,
			);
			productName = signacer;
			productReference = E07FE8022D4F364A00F8846F /* signacer.app */;
			productType = "com.apple.product-type.application";
		};
		E07FE8122D4F364B00F8846F /* signacerTests */ = {
			isa = PBXNativeTarget;
			buildConfigurationList = E07FE82A2D4F364B00F8846F /* Build configuration list for PBXNativeTarget "signacerTests" */;
			buildPhases = (
				E07FE80F2D4F364B00F8846F /* Sources */,
				E07FE8102D4F364B00F8846F /* Frameworks */,
				E07FE8112D4F364B00F8846F /* Resources */,
			);
			buildRules = (
			);
			dependencies = (
				E07FE8152D4F364B00F8846F /* PBXTargetDependency */,
			);
			fileSystemSynchronizedGroups = (
				E07FE8162D4F364B00F8846F /* signacerTests */,
			);
			name = signacerTests;
			packageProductDependencies = (
			);
			productName = signacerTests;
			productReference = E07FE8132D4F364B00F8846F /* signacerTests.xctest */;
			productType = "com.apple.product-type.bundle.unit-test";
		};
		E07FE81C2D4F364B00F8846F /* signacerUITests */ = {
			isa = PBXNativeTarget;
			buildConfigurationList = E07FE82D2D4F364B00F8846F /* Build configuration list for PBXNativeTarget "signacerUITests" */;
			buildPhases = (
				E07FE8192D4F364B00F8846F /* Sources */,
				E07FE81A2D4F364B00F8846F /* Frameworks */,
				E07FE81B2D4F364B00F8846F /* Resources */,
			);
			buildRules = (
			);
			dependencies = (
				E07FE81F2D4F364B00F8846F /* PBXTargetDependency */,
			);
			fileSystemSynchronizedGroups = (
				E07FE8202D4F364B00F8846F /* signacerUITests */,
			);
			name = signacerUITests;
			packageProductDependencies = (
			);
			productName = signacerUITests;
			productReference = E07FE81D2D4F364B00F8846F /* signacerUITests.xctest */;
			productType = "com.apple.product-type.bundle.ui-testing";
		};
/* End PBXNativeTarget section */

/* Begin PBXProject section */
		E07FE7FA2D4F364A00F8846F /* Project object */ = {
			isa = PBXProject;
			attributes = {
				BuildIndependentTargetsInParallel = 1;
				LastSwiftUpdateCheck = 1620;
				LastUpgradeCheck = 1620;
				TargetAttributes = {
					E07FE8012D4F364A00F8846F = {
						CreatedOnToolsVersion = 16.2;
					};
					E07FE8122D4F364B00F8846F = {
						CreatedOnToolsVersion = 16.2;
						TestTargetID = E07FE8012D4F364A00F8846F;
					};
					E07FE81C2D4F364B00F8846F = {
						CreatedOnToolsVersion = 16.2;
						TestTargetID = E07FE8012D4F364A00F8846F;
					};
				};
			};
			buildConfigurationList = E07FE7FD2D4F364A00F8846F /* Build configuration list for PBXProject "signacer" */;
			developmentRegion = en;
			hasScannedForEncodings = 0;
			knownRegions = (
				en,
				Base,
			);
			mainGroup = E07FE7F92D4F364A00F8846F;
			minimizedProjectReferenceProxies = 1;
			packageReferences = (
				E07FE8342D4F3CF700F8846F /* XCRemoteSwiftPackageReference "firebase-ios-sdk" */,
				E0963F8C2DAF19F900BB58F4 /* XCRemoteSwiftPackageReference "GoogleSignIn-iOS" */,
			);
			preferredProjectObjectVersion = 77;
			productRefGroup = E07FE8032D4F364A00F8846F /* Products */;
			projectDirPath = "";
			projectRoot = "";
			targets = (
				E07FE8012D4F364A00F8846F /* signacer */,
				E07FE8122D4F364B00F8846F /* signacerTests */,
				E07FE81C2D4F364B00F8846F /* signacerUITests */,
			);
		};
/* End PBXProject section */

/* Begin PBXResourcesBuildPhase section */
		E07FE8002D4F364A00F8846F /* Resources */ = {
			isa = PBXResourcesBuildPhase;
			buildActionMask = 2147483647;
			files = (
			);
			runOnlyForDeploymentPostprocessing = 0;
		};
		E07FE8112D4F364B00F8846F /* Resources */ = {
			isa = PBXResourcesBuildPhase;
			buildActionMask = 2147483647;
			files = (
			);
			runOnlyForDeploymentPostprocessing = 0;
		};
		E07FE81B2D4F364B00F8846F /* Resources */ = {
			isa = PBXResourcesBuildPhase;
			buildActionMask = 2147483647;
			files = (
			);
			runOnlyForDeploymentPostprocessing = 0;
		};
/* End PBXResourcesBuildPhase section */

/* Begin PBXSourcesBuildPhase section */
		E07FE7FE2D4F364A00F8846F /* Sources */ = {
			isa = PBXSourcesBuildPhase;
			buildActionMask = 2147483647;
			files = (
			);
			runOnlyForDeploymentPostprocessing = 0;
		};
		E07FE80F2D4F364B00F8846F /* Sources */ = {
			isa = PBXSourcesBuildPhase;
			buildActionMask = 2147483647;
			files = (
			);
			runOnlyForDeploymentPostprocessing = 0;
		};
		E07FE8192D4F364B00F8846F /* Sources */ = {
			isa = PBXSourcesBuildPhase;
			buildActionMask = 2147483647;
			files = (
			);
			runOnlyForDeploymentPostprocessing = 0;
		};
/* End PBXSourcesBuildPhase section */

/* Begin PBXTargetDependency section */
		E07FE8152D4F364B00F8846F /* PBXTargetDependency */ = {
			isa = PBXTargetDependency;
			target = E07FE8012D4F364A00F8846F /* signacer */;
			targetProxy = E07FE8142D4F364B00F8846F /* PBXContainerItemProxy */;
		};
		E07FE81F2D4F364B00F8846F /* PBXTargetDependency */ = {
			isa = PBXTargetDependency;
			target = E07FE8012D4F364A00F8846F /* signacer */;
			targetProxy = E07FE81E2D4F364B00F8846F /* PBXContainerItemProxy */;
		};
/* End PBXTargetDependency section */

/* Begin XCBuildConfiguration section */
		E07FE8252D4F364B00F8846F /* Debug */ = {
			isa = XCBuildConfiguration;
			buildSettings = {
				ALWAYS_SEARCH_USER_PATHS = NO;
				ASSETCATALOG_COMPILER_GENERATE_SWIFT_ASSET_SYMBOL_EXTENSIONS = YES;
				CLANG_ANALYZER_NONNULL = YES;
				CLANG_ANALYZER_NUMBER_OBJECT_CONVERSION = YES_AGGRESSIVE;
				CLANG_CXX_LANGUAGE_STANDARD = "gnu++20";
				CLANG_ENABLE_MODULES = YES;
				CLANG_ENABLE_OBJC_ARC = YES;
				CLANG_ENABLE_OBJC_WEAK = YES;
				CLANG_WARN_BLOCK_CAPTURE_AUTORELEASING = YES;
				CLANG_WARN_BOOL_CONVERSION = YES;
				CLANG_WARN_COMMA = YES;
				CLANG_WARN_CONSTANT_CONVERSION = YES;
				CLANG_WARN_DEPRECATED_OBJC_IMPLEMENTATIONS = YES;
				CLANG_WARN_DIRECT_OBJC_ISA_USAGE = YES_ERROR;
				CLANG_WARN_DOCUMENTATION_COMMENTS = YES;
				CLANG_WARN_EMPTY_BODY = YES;
				CLANG_WARN_ENUM_CONVERSION = YES;
				CLANG_WARN_INFINITE_RECURSION = YES;
				CLANG_WARN_INT_CONVERSION = YES;
				CLANG_WARN_NON_LITERAL_NULL_CONVERSION = YES;
				CLANG_WARN_OBJC_IMPLICIT_RETAIN_SELF = YES;
				CLANG_WARN_OBJC_LITERAL_CONVERSION = YES;
				CLANG_WARN_OBJC_ROOT_CLASS = YES_ERROR;
				CLANG_WARN_QUOTED_INCLUDE_IN_FRAMEWORK_HEADER = YES;
				CLANG_WARN_RANGE_LOOP_ANALYSIS = YES;
				CLANG_WARN_STRICT_PROTOTYPES = YES;
				CLANG_WARN_SUSPICIOUS_MOVE = YES;
				CLANG_WARN_UNGUARDED_AVAILABILITY = YES_AGGRESSIVE;
				CLANG_WARN_UNREACHABLE_CODE = YES;
				CLANG_WARN__DUPLICATE_METHOD_MATCH = YES;
				COPY_PHASE_STRIP = NO;
				DEBUG_INFORMATION_FORMAT = dwarf;
				ENABLE_STRICT_OBJC_MSGSEND = YES;
				ENABLE_TESTABILITY = YES;
				ENABLE_USER_SCRIPT_SANDBOXING = YES;
				GCC_C_LANGUAGE_STANDARD = gnu17;
				GCC_DYNAMIC_NO_PIC = NO;
				GCC_NO_COMMON_BLOCKS = YES;
				GCC_OPTIMIZATION_LEVEL = 0;
				GCC_PREPROCESSOR_DEFINITIONS = (
					"DEBUG=1",
					"$(inherited)",
				);
				GCC_WARN_64_TO_32_BIT_CONVERSION = YES;
				GCC_WARN_ABOUT_RETURN_TYPE = YES_ERROR;
				GCC_WARN_UNDECLARED_SELECTOR = YES;
				GCC_WARN_UNINITIALIZED_AUTOS = YES_AGGRESSIVE;
				GCC_WARN_UNUSED_FUNCTION = YES;
				GCC_WARN_UNUSED_VARIABLE = YES;
				LOCALIZATION_PREFERS_STRING_CATALOGS = YES;
				MTL_ENABLE_DEBUG_INFO = INCLUDE_SOURCE;
				MTL_FAST_MATH = YES;
				ONLY_ACTIVE_ARCH = YES;
				SWIFT_ACTIVE_COMPILATION_CONDITIONS = "DEBUG $(inherited)";
				SWIFT_OPTIMIZATION_LEVEL = "-Onone";
			};
			name = Debug;
		};
		E07FE8262D4F364B00F8846F /* Release */ = {
			isa = XCBuildConfiguration;
			buildSettings = {
				ALWAYS_SEARCH_USER_PATHS = NO;
				ASSETCATALOG_COMPILER_GENERATE_SWIFT_ASSET_SYMBOL_EXTENSIONS = YES;
				CLANG_ANALYZER_NONNULL = YES;
				CLANG_ANALYZER_NUMBER_OBJECT_CONVERSION = YES_AGGRESSIVE;
				CLANG_CXX_LANGUAGE_STANDARD = "gnu++20";
				CLANG_ENABLE_MODULES = YES;
				CLANG_ENABLE_OBJC_ARC = YES;
				CLANG_ENABLE_OBJC_WEAK = YES;
				CLANG_WARN_BLOCK_CAPTURE_AUTORELEASING = YES;
				CLANG_WARN_BOOL_CONVERSION = YES;
				CLANG_WARN_COMMA = YES;
				CLANG_WARN_CONSTANT_CONVERSION = YES;
				CLANG_WARN_DEPRECATED_OBJC_IMPLEMENTATIONS = YES;
				CLANG_WARN_DIRECT_OBJC_ISA_USAGE = YES_ERROR;
				CLANG_WARN_DOCUMENTATION_COMMENTS = YES;
				CLANG_WARN_EMPTY_BODY = YES;
				CLANG_WARN_ENUM_CONVERSION = YES;
				CLANG_WARN_INFINITE_RECURSION = YES;
				CLANG_WARN_INT_CONVERSION = YES;
				CLANG_WARN_NON_LITERAL_NULL_CONVERSION = YES;
				CLANG_WARN_OBJC_IMPLICIT_RETAIN_SELF = YES;
				CLANG_WARN_OBJC_LITERAL_CONVERSION = YES;
				CLANG_WARN_OBJC_ROOT_CLASS = YES_ERROR;
				CLANG_WARN_QUOTED_INCLUDE_IN_FRAMEWORK_HEADER = YES;
				CLANG_WARN_RANGE_LOOP_ANALYSIS = YES;
				CLANG_WARN_STRICT_PROTOTYPES = YES;
				CLANG_WARN_SUSPICIOUS_MOVE = YES;
				CLANG_WARN_UNGUARDED_AVAILABILITY = YES_AGGRESSIVE;
				CLANG_WARN_UNREACHABLE_CODE = YES;
				CLANG_WARN__DUPLICATE_METHOD_MATCH = YES;
				COPY_PHASE_STRIP = NO;
				DEBUG_INFORMATION_FORMAT = "dwarf-with-dsym";
				ENABLE_NS_ASSERTIONS = NO;
				ENABLE_STRICT_OBJC_MSGSEND = YES;
				ENABLE_USER_SCRIPT_SANDBOXING = YES;
				GCC_C_LANGUAGE_STANDARD = gnu17;
				GCC_NO_COMMON_BLOCKS = YES;
				GCC_WARN_64_TO_32_BIT_CONVERSION = YES;
				GCC_WARN_ABOUT_RETURN_TYPE = YES_ERROR;
				GCC_WARN_UNDECLARED_SELECTOR = YES;
				GCC_WARN_UNINITIALIZED_AUTOS = YES_AGGRESSIVE;
				GCC_WARN_UNUSED_FUNCTION = YES;
				GCC_WARN_UNUSED_VARIABLE = YES;
				LOCALIZATION_PREFERS_STRING_CATALOGS = YES;
				MTL_ENABLE_DEBUG_INFO = NO;
				MTL_FAST_MATH = YES;
				SWIFT_COMPILATION_MODE = wholemodule;
			};
			name = Release;
		};
		E07FE8282D4F364B00F8846F /* Debug */ = {
			isa = XCBuildConfiguration;
			buildSettings = {
				ASSETCATALOG_COMPILER_APPICON_NAME = AppIcon;
				ASSETCATALOG_COMPILER_GLOBAL_ACCENT_COLOR_NAME = AccentColor;
				CODE_SIGN_ENTITLEMENTS = signacer/signacer.entitlements;
				CODE_SIGN_STYLE = Automatic;
				CURRENT_PROJECT_VERSION = 12;
				DEVELOPMENT_ASSET_PATHS = "\"signacer/Preview Content\"";
				DEVELOPMENT_TEAM = 3H47KU57AS;
				ENABLE_PREVIEWS = YES;
				GENERATE_INFOPLIST_FILE = YES;
				INFOPLIST_FILE = signacer/Info.plist;
				INFOPLIST_KEY_CFBundleDisplayName = Signacer;
				INFOPLIST_KEY_LSApplicationCategoryType = "public.app-category.sports";
				INFOPLIST_KEY_NSCameraUsageDescription = "We need camera access to scan QR codes for membership cards.";
				"INFOPLIST_KEY_UIApplicationSceneManifest_Generation[sdk=iphoneos*]" = YES;
				"INFOPLIST_KEY_UIApplicationSceneManifest_Generation[sdk=iphonesimulator*]" = YES;
				"INFOPLIST_KEY_UIApplicationSupportsIndirectInputEvents[sdk=iphoneos*]" = YES;
				"INFOPLIST_KEY_UIApplicationSupportsIndirectInputEvents[sdk=iphonesimulator*]" = YES;
				"INFOPLIST_KEY_UILaunchScreen_Generation[sdk=iphoneos*]" = YES;
				"INFOPLIST_KEY_UILaunchScreen_Generation[sdk=iphonesimulator*]" = YES;
				"INFOPLIST_KEY_UIStatusBarStyle[sdk=iphoneos*]" = UIStatusBarStyleDefault;
				"INFOPLIST_KEY_UIStatusBarStyle[sdk=iphonesimulator*]" = UIStatusBarStyleDefault;
				INFOPLIST_KEY_UISupportedInterfaceOrientations = "UIInterfaceOrientationLandscapeLeft UIInterfaceOrientationLandscapeRight UIInterfaceOrientationPortrait";
				INFOPLIST_KEY_UISupportedInterfaceOrientations_iPad = "UIInterfaceOrientationLandscapeLeft UIInterfaceOrientationLandscapeRight UIInterfaceOrientationPortrait UIInterfaceOrientationPortraitUpsideDown";
				IPHONEOS_DEPLOYMENT_TARGET = 17.6;
				LD_RUNPATH_SEARCH_PATHS = "@executable_path/Frameworks";
				"LD_RUNPATH_SEARCH_PATHS[sdk=macosx*]" = "@executable_path/../Frameworks";
				MACOSX_DEPLOYMENT_TARGET = 15.2;
				MARKETING_VERSION = 1.0;
				NEW_SETTING = "";
				PRODUCT_BUNDLE_IDENTIFIER = com.signacer.app;
				PRODUCT_NAME = "$(TARGET_NAME)";
				SDKROOT = auto;
				SUPPORTED_PLATFORMS = "iphoneos iphonesimulator";
				SUPPORTS_MACCATALYST = NO;
				SWIFT_EMIT_LOC_STRINGS = YES;
				SWIFT_VERSION = 5.0;
				TARGETED_DEVICE_FAMILY = "1,2";
				XROS_DEPLOYMENT_TARGET = 2.2;
			};
			name = Debug;
		};
		E07FE8292D4F364B00F8846F /* Release */ = {
			isa = XCBuildConfiguration;
			buildSettings = {
				ASSETCATALOG_COMPILER_APPICON_NAME = AppIcon;
				ASSETCATALOG_COMPILER_GLOBAL_ACCENT_COLOR_NAME = AccentColor;
				CODE_SIGN_ENTITLEMENTS = signacer/signacer.entitlements;
				CODE_SIGN_STYLE = Automatic;
				CURRENT_PROJECT_VERSION = 12;
				DEVELOPMENT_ASSET_PATHS = "\"signacer/Preview Content\"";
				DEVELOPMENT_TEAM = 3H47KU57AS;
				ENABLE_PREVIEWS = YES;
				GENERATE_INFOPLIST_FILE = YES;
				INFOPLIST_FILE = signacer/Info.plist;
				INFOPLIST_KEY_CFBundleDisplayName = Signacer;
				INFOPLIST_KEY_LSApplicationCategoryType = "public.app-category.sports";
				INFOPLIST_KEY_NSCameraUsageDescription = "We need camera access to scan QR codes for membership cards.";
				"INFOPLIST_KEY_UIApplicationSceneManifest_Generation[sdk=iphoneos*]" = YES;
				"INFOPLIST_KEY_UIApplicationSceneManifest_Generation[sdk=iphonesimulator*]" = YES;
				"INFOPLIST_KEY_UIApplicationSupportsIndirectInputEvents[sdk=iphoneos*]" = YES;
				"INFOPLIST_KEY_UIApplicationSupportsIndirectInputEvents[sdk=iphonesimulator*]" = YES;
				"INFOPLIST_KEY_UILaunchScreen_Generation[sdk=iphoneos*]" = YES;
				"INFOPLIST_KEY_UILaunchScreen_Generation[sdk=iphonesimulator*]" = YES;
				"INFOPLIST_KEY_UIStatusBarStyle[sdk=iphoneos*]" = UIStatusBarStyleDefault;
				"INFOPLIST_KEY_UIStatusBarStyle[sdk=iphonesimulator*]" = UIStatusBarStyleDefault;
				INFOPLIST_KEY_UISupportedInterfaceOrientations = "UIInterfaceOrientationLandscapeLeft UIInterfaceOrientationLandscapeRight UIInterfaceOrientationPortrait";
				INFOPLIST_KEY_UISupportedInterfaceOrientations_iPad = "UIInterfaceOrientationLandscapeLeft UIInterfaceOrientationLandscapeRight UIInterfaceOrientationPortrait UIInterfaceOrientationPortraitUpsideDown";
				IPHONEOS_DEPLOYMENT_TARGET = 17.6;
				LD_RUNPATH_SEARCH_PATHS = "@executable_path/Frameworks";
				"LD_RUNPATH_SEARCH_PATHS[sdk=macosx*]" = "@executable_path/../Frameworks";
				MACOSX_DEPLOYMENT_TARGET = 15.2;
				MARKETING_VERSION = 1.0;
				NEW_SETTING = "";
				PRODUCT_BUNDLE_IDENTIFIER = com.signacer.app;
				PRODUCT_NAME = "$(TARGET_NAME)";
				SDKROOT = auto;
				SUPPORTED_PLATFORMS = "iphoneos iphonesimulator";
				SUPPORTS_MACCATALYST = NO;
				SWIFT_EMIT_LOC_STRINGS = YES;
				SWIFT_VERSION = 5.0;
				TARGETED_DEVICE_FAMILY = "1,2";
				XROS_DEPLOYMENT_TARGET = 2.2;
			};
			name = Release;
		};
		E07FE82B2D4F364B00F8846F /* Debug */ = {
			isa = XCBuildConfiguration;
			buildSettings = {
				BUNDLE_LOADER = "$(TEST_HOST)";
				CODE_SIGN_STYLE = Automatic;
				CURRENT_PROJECT_VERSION = 1;
				GENERATE_INFOPLIST_FILE = YES;
				IPHONEOS_DEPLOYMENT_TARGET = 18.2;
				MACOSX_DEPLOYMENT_TARGET = 15.2;
				MARKETING_VERSION = 1.0;
				PRODUCT_BUNDLE_IDENTIFIER = Signacer.signacerTests;
				PRODUCT_NAME = "$(TARGET_NAME)";
				SDKROOT = auto;
				SUPPORTED_PLATFORMS = "iphoneos iphonesimulator macosx xros xrsimulator";
				SWIFT_EMIT_LOC_STRINGS = NO;
				SWIFT_VERSION = 5.0;
				TARGETED_DEVICE_FAMILY = "1,2,7";
				TEST_HOST = "$(BUILT_PRODUCTS_DIR)/signacer.app/$(BUNDLE_EXECUTABLE_FOLDER_PATH)/signacer";
				XROS_DEPLOYMENT_TARGET = 2.2;
			};
			name = Debug;
		};
		E07FE82C2D4F364B00F8846F /* Release */ = {
			isa = XCBuildConfiguration;
			buildSettings = {
				BUNDLE_LOADER = "$(TEST_HOST)";
				CODE_SIGN_STYLE = Automatic;
				CURRENT_PROJECT_VERSION = 1;
				GENERATE_INFOPLIST_FILE = YES;
				IPHONEOS_DEPLOYMENT_TARGET = 18.2;
				MACOSX_DEPLOYMENT_TARGET = 15.2;
				MARKETING_VERSION = 1.0;
				PRODUCT_BUNDLE_IDENTIFIER = Signacer.signacerTests;
				PRODUCT_NAME = "$(TARGET_NAME)";
				SDKROOT = auto;
				SUPPORTED_PLATFORMS = "iphoneos iphonesimulator macosx xros xrsimulator";
				SWIFT_EMIT_LOC_STRINGS = NO;
				SWIFT_VERSION = 5.0;
				TARGETED_DEVICE_FAMILY = "1,2,7";
				TEST_HOST = "$(BUILT_PRODUCTS_DIR)/signacer.app/$(BUNDLE_EXECUTABLE_FOLDER_PATH)/signacer";
				XROS_DEPLOYMENT_TARGET = 2.2;
			};
			name = Release;
		};
		E07FE82E2D4F364B00F8846F /* Debug */ = {
			isa = XCBuildConfiguration;
			buildSettings = {
				CODE_SIGN_STYLE = Automatic;
				CURRENT_PROJECT_VERSION = 1;
				GENERATE_INFOPLIST_FILE = YES;
				IPHONEOS_DEPLOYMENT_TARGET = 18.2;
				MACOSX_DEPLOYMENT_TARGET = 15.2;
				MARKETING_VERSION = 1.0;
				PRODUCT_BUNDLE_IDENTIFIER = Signacer.signacerUITests;
				PRODUCT_NAME = "$(TARGET_NAME)";
				SDKROOT = auto;
				SUPPORTED_PLATFORMS = "iphoneos iphonesimulator macosx xros xrsimulator";
				SWIFT_EMIT_LOC_STRINGS = NO;
				SWIFT_VERSION = 5.0;
				TARGETED_DEVICE_FAMILY = "1,2,7";
				TEST_TARGET_NAME = signacer;
				XROS_DEPLOYMENT_TARGET = 2.2;
			};
			name = Debug;
		};
		E07FE82F2D4F364B00F8846F /* Release */ = {
			isa = XCBuildConfiguration;
			buildSettings = {
				CODE_SIGN_STYLE = Automatic;
				CURRENT_PROJECT_VERSION = 1;
				GENERATE_INFOPLIST_FILE = YES;
				IPHONEOS_DEPLOYMENT_TARGET = 18.2;
				MACOSX_DEPLOYMENT_TARGET = 15.2;
				MARKETING_VERSION = 1.0;
				PRODUCT_BUNDLE_IDENTIFIER = Signacer.signacerUITests;
				PRODUCT_NAME = "$(TARGET_NAME)";
				SDKROOT = auto;
				SUPPORTED_PLATFORMS = "iphoneos iphonesimulator macosx xros xrsimulator";
				SWIFT_EMIT_LOC_STRINGS = NO;
				SWIFT_VERSION = 5.0;
				TARGETED_DEVICE_FAMILY = "1,2,7";
				TEST_TARGET_NAME = signacer;
				XROS_DEPLOYMENT_TARGET = 2.2;
			};
			name = Release;
		};
/* End XCBuildConfiguration section */

/* Begin XCConfigurationList section */
		E07FE7FD2D4F364A00F8846F /* Build configuration list for PBXProject "signacer" */ = {
			isa = XCConfigurationList;
			buildConfigurations = (
				E07FE8252D4F364B00F8846F /* Debug */,
				E07FE8262D4F364B00F8846F /* Release */,
			);
			defaultConfigurationIsVisible = 0;
			defaultConfigurationName = Release;
		};
		E07FE8272D4F364B00F8846F /* Build configuration list for PBXNativeTarget "signacer" */ = {
			isa = XCConfigurationList;
			buildConfigurations = (
				E07FE8282D4F364B00F8846F /* Debug */,
				E07FE8292D4F364B00F8846F /* Release */,
			);
			defaultConfigurationIsVisible = 0;
			defaultConfigurationName = Release;
		};
		E07FE82A2D4F364B00F8846F /* Build configuration list for PBXNativeTarget "signacerTests" */ = {
			isa = XCConfigurationList;
			buildConfigurations = (
				E07FE82B2D4F364B00F8846F /* Debug */,
				E07FE82C2D4F364B00F8846F /* Release */,
			);
			defaultConfigurationIsVisible = 0;
			defaultConfigurationName = Release;
		};
		E07FE82D2D4F364B00F8846F /* Build configuration list for PBXNativeTarget "signacerUITests" */ = {
			isa = XCConfigurationList;
			buildConfigurations = (
				E07FE82E2D4F364B00F8846F /* Debug */,
				E07FE82F2D4F364B00F8846F /* Release */,
			);
			defaultConfigurationIsVisible = 0;
			defaultConfigurationName = Release;
		};
/* End XCConfigurationList section */

/* Begin XCRemoteSwiftPackageReference section */
		E07FE8342D4F3CF700F8846F /* XCRemoteSwiftPackageReference "firebase-ios-sdk" */ = {
			isa = XCRemoteSwiftPackageReference;
			repositoryURL = "https://github.com/firebase/firebase-ios-sdk";
			requirement = {
				kind = upToNextMajorVersion;
				minimumVersion = 11.7.0;
			};
		};
		E0963F8C2DAF19F900BB58F4 /* XCRemoteSwiftPackageReference "GoogleSignIn-iOS" */ = {
			isa = XCRemoteSwiftPackageReference;
			repositoryURL = "https://github.com/google/GoogleSignIn-iOS.git";
			requirement = {
				kind = upToNextMajorVersion;
				minimumVersion = 8.0.0;
			};
		};
/* End XCRemoteSwiftPackageReference section */

/* Begin XCSwiftPackageProductDependency section */
		E07FE8572D4F431100F8846F /* FirebaseAuth */ = {
			isa = XCSwiftPackageProductDependency;
			productName = FirebaseAuth;
		};
		E07FE8592D4F431100F8846F /* FirebaseCore */ = {
			isa = XCSwiftPackageProductDependency;
			productName = FirebaseCore;
		};
		E07FE85B2D4F431100F8846F /* FirebaseFirestore */ = {
			isa = XCSwiftPackageProductDependency;
			productName = FirebaseFirestore;
		};
		E0963F8E2DB041BA00BB58F4 /* GoogleSignIn */ = {
			isa = XCSwiftPackageProductDependency;
			package = E0963F8C2DAF19F900BB58F4 /* XCRemoteSwiftPackageReference "GoogleSignIn-iOS" */;
			productName = GoogleSignIn;
		};
		E0963F902DB041C100BB58F4 /* GoogleSignInSwift */ = {
			isa = XCSwiftPackageProductDependency;
			package = E0963F8C2DAF19F900BB58F4 /* XCRemoteSwiftPackageReference "GoogleSignIn-iOS" */;
			productName = GoogleSignInSwift;
		};
		E0963F942DB0625900BB58F4 /* FirebaseStorage */ = {
			isa = XCSwiftPackageProductDependency;
			package = E07FE8342D4F3CF700F8846F /* XCRemoteSwiftPackageReference "firebase-ios-sdk" */;
			productName = FirebaseStorage;
		};
/* End XCSwiftPackageProductDependency section */
	};
	rootObject = E07FE7FA2D4F364A00F8846F /* Project object */;
}
